{
  "name": "openrct2-plugin",
  "version": "1.0.0",
  "lockfileVersion": 2,
  "requires": true,
  "packages": {
    "": {
      "name": "openrct2-plugin",
      "version": "1.0.0",
      "license": "ISC",
      "dependencies": {
        "@types/openrct2": "^0.4.0"
      }
    },
    "node_modules/@types/openrct2": {
      "version": "0.4.0",
      "resolved": "https://registry.npmjs.org/@types/openrct2/-/openrct2-0.4.0.tgz",
      "integrity": "sha512-78X2LKHRcWRX49exeDL50h5zIm+d/Jxm373+DEU9ZY0F10zowiPZCIi3n2Ho7v6e8CJlYT9mvIr8Q1En2LzvJw=="
    }
  },
  "dependencies": {
    "@types/openrct2": {
      "version": "0.4.0",
      "resolved": "https://registry.npmjs.org/@types/openrct2/-/openrct2-0.4.0.tgz",
      "integrity": "sha512-78X2LKHRcWRX49exeDL50h5zIm+d/Jxm373+DEU9ZY0F10zowiPZCIi3n2Ho7v6e8CJlYT9mvIr8Q1En2LzvJw=="
    }
  }
}
